
Microsoft Visual Studio Solution File, Format Version 12.00
# Visual Studio Version 16
VisualStudioVersion = 16.0.29001.49
MinimumVisualStudioVersion = 10.0.40219.1
Project("{FAE04EC0-301F-11D3-BF4B-00C04F79EFBC}") = "New Numbers", "New Numbers\New Numbers.csproj", "{92C9158E-7DDE-46D4-B38C-C8A664DA896C}"
EndProject
Global
	GlobalSection(SolutionConfigurationPlatforms) = preSolution
		Debug|Any CPU = Debug|Any CPU
		Release|Any CPU = Release|Any CPU
	EndGlobalSection
	GlobalSection(ProjectConfigurationPlatforms) = postSolution
		{92C9158E-7DDE-46D4-B38C-C8A664DA896C}.Debug|Any CPU.ActiveCfg = Debug|Any CPU
		{92C9158E-7DDE-46D4-B38C-C8A664DA896C}.Debug|Any CPU.Build.0 = Debug|Any CPU
		{92C9158E-7DDE-46D4-B38C-C8A664DA896C}.Release|Any CPU.ActiveCfg = Release|Any CPU
		{92C9158E-7DDE-46D4-B38C-C8A664DA896C}.Release|Any CPU.Build.0 = Release|Any CPU
	EndGlobalSection
	GlobalSection(SolutionProperties) = preSolution
		HideSolutionNode = FALSE
	EndGlobalSection
	GlobalSection(ExtensibilityGlobals) = postSolution
		SolutionGuid = {BFC5C15D-0C6F-414E-A84B-16834A04D13C}
	EndGlobalSection
EndGlobal
